{
    "_meta": {
        "hash": {
            "sha256": "c4eb6bae6448f2ad5de796d30e289b809aa27effa28be69ebe52c91bf17968a0"
        },
        "pipfile-spec": 6,
        "requires": {
            "python_version": "3.8"
        },
        "sources": [
            {
                "name": "pypi",
                "url": "https://pypi.org/simple",
                "verify_ssl": true
            }
        ]
    },
    "default": {
        "apscheduler": {
            "hashes": [
                "sha256:3bb5229eed6fbbdafc13ce962712ae66e175aa214c69bed35a06bffcf0c5e244",
                "sha256:e8b1ecdb4c7cb2818913f766d5898183c7cb8936680710a4d3a966e02262e526"
            ],
            "index": "pypi",
            "version": "==3.6.3"
        },
        "asyncpg": {
            "hashes": [
                "sha256:09badce47a4645cfe523cc8a182bd047d5d62af0caaea77935e6a3c9e77dc364",
                "sha256:22d161618b59e4b56fb2a5cc956aa9eeb336d07cae924a5b90c9aa1c2d137f15",
                "sha256:28584783dd0d21b2a0db3bfe54fb12f21425a4cc015e4419083ea99e6de0de9b",
                "sha256:308b8ba32c42ea1ed84c034320678ec307296bb4faf3fbbeb9f9e20b46db99a5",
                "sha256:3ade59cef35bffae6dbc6f5f3ef56e1d53c67f0a7adc3cc4c714f07568d2d717",
                "sha256:4421407b07b4e22291a226d9de0bf6f3ea8158aa1c12d83bfedbf5c22e13cd55",
                "sha256:53cb2a0eb326f61e34ef4da2db01d87ce9c0ebe396f65a295829df334e31863f",
                "sha256:615c7e3adb46e1f2e3aff45e4ee9401b4f24f9f7153e5530a0753369be72a5c6",
                "sha256:68f7981f65317a5d5f497ec76919b488dbe0e838f8b924e7517a680bdca0f308",
                "sha256:6b7807bfedd24dd15cfb2c17c60977ce01410615ecc285268b5144a944ec97ff",
                "sha256:7e51d1a012b779e0ebf0195f80d004f65d3c60cc06f0fa1cef9d3e536262abbd",
                "sha256:7ee29c4707eb8fb3d3a0348ac4495e06f4afaca3ee38c3bebedc9c8b239125ff",
                "sha256:823eca36108bd64a8600efe7bbf1230aa00f2defa3be42852f3b61ab40cf1226",
                "sha256:8587e206d78e739ca83a40c9982e03b28f8904c95a54dc782da99e86cf768f73",
                "sha256:888593b6688faa7ec1c97ff7f2ca3b5a5b8abb15478fe2a13c5012b607a28737",
                "sha256:915cebc8a7693c8a5e89804fa106678dbedcc50d0270ebab0b75f16e668bd59b",
                "sha256:a4c1feb285ec3807ecd5b54ab718a3d065bb55c93ebaf800670eadde31484be8",
                "sha256:aa2e0cb14c01a2f58caeeca7196681b30aa22dd22c82845560b401df5e98e171",
                "sha256:b1b10916c006e5c2c0dcd5dadeb38cbf61ecd20d66c50164e82f31c22c7e329d",
                "sha256:dddf4d4c5e781310a36529c3c87c1746837c2d2c7ec0f2ec4e4f06450d83c50a",
                "sha256:dfd491e9865e64a3e91f1587b1d88d71dde1cfb850429253a73d4d44b98c3a0f",
                "sha256:e7bfb9269aeb11d78d50accf1be46823683ced99209b7199e307cdf7da849522",
                "sha256:ea26604932719b3612541e606508d9d604211f56a65806ccf8c92c64104f4f8a",
                "sha256:ecd5232cf64f58caac3b85103f1223fdf20e9eb43bfa053c56ef9e5dd76ab099",
                "sha256:f2d1aa890ffd1ad062a38b7ff7488764b3da4b0a24e0c83d7bbb1d1a6609df15"
            ],
            "index": "pypi",
            "version": "==0.21.0"
        },
        "discord-ext-menus": {
            "git": "https://github.com/Rapptz/discord-ext-menus",
            "ref": "6f2b873bf0d28903eb752aa1166b3aac26dc9007"
        },
        "discord-py": {
            "git": "https://github.com/Rapptz/discord.py",
            "ref": "80dd2c63c0fd2cd36fef42bd38417cb15ee3afb9"
        },
        "discord.py": {
            "git": "https://github.com/Rapptz/discord.py"
        },
        "humanize": {
            "hashes": [
                "sha256:6790d9ba139ce09761ae901be9b22bd32a131fa65ecc82cdfc4d86f377f7395d",
                "sha256:fd3eb915310335c63a54d4507289ecc7b3a7454cd2c22ac5086d061a3cbfd592"
            ],
            "index": "pypi",
            "version": "==3.1.0"
        },
        "mongoengine": {
            "hashes": [
                "sha256:2680426385a03190e0494712081363fcc0c59bf9022a4f6033bcbb76a6f3e488",
                "sha256:2ec7e4a8cedfffe9e1690ca920bfcb9778146945ab1ba62840a210c43ab7eff7"
            ],
            "index": "pypi",
            "version": "==0.21.0"
        },
        "psutil": {
            "hashes": [
                "sha256:01bc82813fbc3ea304914581954979e637bcc7084e59ac904d870d6eb8bb2bc7",
                "sha256:1cd6a0c9fb35ece2ccf2d1dd733c1e165b342604c67454fd56a4c12e0a106787",
                "sha256:2cb55ef9591b03ef0104bedf67cc4edb38a3edf015cf8cf24007b99cb8497542",
                "sha256:56c85120fa173a5d2ad1d15a0c6e0ae62b388bfb956bb036ac231fbdaf9e4c22",
                "sha256:5d9106ff5ec2712e2f659ebbd112967f44e7d33f40ba40530c485cc5904360b8",
                "sha256:6a3e1fd2800ca45083d976b5478a2402dd62afdfb719b30ca46cd28bb25a2eb4",
                "sha256:ade6af32eb80a536eff162d799e31b7ef92ddcda707c27bbd077238065018df4",
                "sha256:af73f7bcebdc538eda9cc81d19db1db7bf26f103f91081d780bbacfcb620dee2",
                "sha256:e02c31b2990dcd2431f4524b93491941df39f99619b0d312dfe1d4d530b08b4b",
                "sha256:fa38ac15dbf161ab1e941ff4ce39abd64b53fec5ddf60c23290daed2bc7d1157",
                "sha256:fbcac492cb082fa38d88587d75feb90785d05d7e12d4565cbf1ecc727aff71b7"
            ],
            "index": "pypi",
            "version": "==5.7.3"
        },
        "pymongo": {
            "hashes": [
                "sha256:00f6c32f86a5bd1cbefcc0a27ea06565628de3bb2e6786d3f0dce0330e70c958",
                "sha256:016e8162b57e2a45cb8d2356f39795ccff2ee65fd79fe078de4f9aa78ef1994b",
                "sha256:078e74cffb4955a454dd0955c3fa38327185a41447ac4e368f81c2f0c07e6559",
                "sha256:079a30c21d3c334ee65581a8cac5380e94521970423996c5b18a7c550230d94c",
                "sha256:0b5aa85a04efcf22c176de25e3fce675510d7700f523728fa9485d576db41358",
                "sha256:0dd8c0367639cd5cf84be91af6b733076119745aea6e53fdf9e581819d911eac",
                "sha256:1529b23a51ef8613712b3e19225690564955250932d58487af6c060413ce0f1f",
                "sha256:17a3b2148b9e0914dc5f0d6a5c636f81dc4b428b80ea45576f79cfe619844c6d",
                "sha256:1f5fabe75c9b7eb5a42dac9717f952a879ab3705bcf7e9ef744cdbdfd37bcf3d",
                "sha256:220216da1d4fb10f941ff5e408f2958896fe534283bb3b1c1c17d4b0ac5d8b45",
                "sha256:251acfa87e07e47044ed7f6157fc63a95020bb4ee9d705fb2faf3b67e6a3574e",
                "sha256:2542b21b08dc30bf0a69de55a42225f25b0af0dea7852edf2011952abb50e7b4",
                "sha256:2bcbde25342fa0991b0c144c8eafadc77e605e7940bf462922f6d550f88d6777",
                "sha256:2c0b0d201182bfbbfb2c679af3118ca53926a31d8c0c21e9b7943f8264ec0052",
                "sha256:319f1b5a8373e280026905093aaacf4cca858a9ae653e456b9f9f9ad5f308088",
                "sha256:342248b25c193ab20e1145989455d614d4d553334576a72be600ee371fa5de41",
                "sha256:3b8076ff801dca0920f1b5c76a0e062dc26bb76de7e79efcf347c3a5ff776127",
                "sha256:3cf7726216a8792d147ba44433fddc19ed149531fb23899ce82d24a0a90ec2fd",
                "sha256:4266ebb14bed0206c73e2f626949679c23a6f935ea4b60529d7c3551f2f3051a",
                "sha256:4cc8cf971ee53ad65e53b80a6f611070dbe55640b447ae9b2b98329aebd21155",
                "sha256:4da19b5c555cf1d8b8a0b980d9c97b1b0f27e05bcf278bf64cc6c30b697a59f9",
                "sha256:4f0023db6168f052ffeec435ca0608ffe8abac17a36b8084bdc348c978e08a23",
                "sha256:5012342f457a544818254a89f7e7a4ecd05c4eaa89ed68ae58727039c92ff0f7",
                "sha256:56bbbccf22fd91ae88b2dffe56dceb84d80fa808065e6bcbedb86ec7e0f84b3b",
                "sha256:5a07a9983e0bc51ad61a16c228d1b60d1f98f7df5f225f435b41f8921d335e06",
                "sha256:5a88fad3dcfaa222383ceb53af9a030a841ad998636648a748d79515c8afb6b4",
                "sha256:5fc04e445e58103bfddb601822ab355ffb8fb760142593e2b0f20c3940859352",
                "sha256:613d30623bd1f9418d5a6999f73066b01831bf7c7789bc3fe2bf44b5fe5dc67d",
                "sha256:6e7b2b589a600f467e9159df907638c2d08aca46b0f74d88ceeaa185abd9069b",
                "sha256:74b6e8e240e53518a701f4cd56a518c8de2631d6019e93295499db15cf46d973",
                "sha256:78d4142116d6d910f1c195f3253b6209f21bb1b06fb6c6ebf90cbf80518c4071",
                "sha256:82bc20e554fe9175e6ae53db74c3f094c4d752a55e3b363b93ff93d87a868cb7",
                "sha256:8becbccb58b7b37ce2aa5f387f298914ec520747f11edfbc31347bd2ba7e3481",
                "sha256:903396921ad52c63c423683a141391e28edb8b6dfbd2388a6848b052a9e23863",
                "sha256:9a5667eb4bc9ed805d1a06ca8b5ff7ee25df666b05cbb8f58f9ac16cac243d0b",
                "sha256:9f672a8b5972a2db3284f8c0324dcaaeceedead9b4e5c836e93092b599f2dbf0",
                "sha256:a08c60335a4b1c6348d5be176f379f7b69f2021d1ebaafb11586007f6268a423",
                "sha256:a122c9e30e49bbd8c5c423e3ea2bcff5deb8a2c504d88cbfc3c21b036295bbf3",
                "sha256:a6bf56c1f6d13b0e22db604c73fba6feca088fe7f6aa978cc215f83e2005d765",
                "sha256:a9c1a2538cd120283e7137ac97ce27ebdfcb675730c5055d6332b0043f4e5a55",
                "sha256:aacc9b646e142e7d32b88f0dccc6ab28f669ecf3ccc7212a274b99c83e228ef1",
                "sha256:ae0403befca6a9088be702c1d94fc1b17c333cd84a43328c973d223991c41936",
                "sha256:b3b939780963164086fc256436c1bf9301d4c5c99026e2c281b21237234aaa2c",
                "sha256:b6282855f9193f4e7ae07c2d138b583d487d0e66add62eda7013365815188ce9",
                "sha256:bb3f19af1949cbf93b17021c8c61e14e697c3f5c8923134b085dcef9d271b699",
                "sha256:be124527bfc30869e8a17915e1e960150757553d58c98e56c598fbb85697e32e",
                "sha256:c66de369d459f081a1860c58c6218da5e30a4c5d07277526f66f6c0b0efe742f",
                "sha256:c756d00b728f0d5ec65519d9005389fea519b2ad3aef0896c49ce80e6da8b547",
                "sha256:c7953352bc27ac5fbf79d43ef7bf576ad06fa06c0ae0d6ad7c36b14cd596d565",
                "sha256:cb81aa36a171ed1c28d615577ab5feae8e0b8e48818833663b446dd2bb8b53cd",
                "sha256:cc375f5cea8635597c21ff6bc61486ebe5dca5e662982c9e2b58a9106f92b56e",
                "sha256:d349cfc776f8859c2f99ff916e307555f5615ffabfbd6162f3822f21aa1e22ed",
                "sha256:dbc23ece1b111a10eb6d2475a7726b70418303d2e05078d223e7f97b286745a7",
                "sha256:e3158d2824391c52020d67e629d2586af774b543a75dc9f64eb830991ac2776e",
                "sha256:e5b4ba4939c2ab6550ecef1ccd7b00537de7a7e18a8f03bce0fc4786111b4d47",
                "sha256:e6d72517fa7370841981770c3802e7a8ca7e94ead1fba9981349fbe8e539f7eb",
                "sha256:e6e6089393646c1ef865484c27871d52ead69641dce5b53cbae2096cec615151",
                "sha256:e83d61f9a247344c701147934f203117c3064c982d35396565a6ca8356bc0ea9",
                "sha256:e9d7af8f668d2880fff8539188694e75e0b91d37174672a59dc5c5a0fea9f60d",
                "sha256:ebf21c07353d313421212e8ac0b21b6161c81aa71a12471b58629e38c784a751",
                "sha256:eebe522043450e8cf83ab7be2fc0268dfe702de586970d752cb012d6ce72309f",
                "sha256:f1ee136a8648cd76b44afdff99096823e68be90d02188d30e2ccd00b58e9b353",
                "sha256:f648d58915eb339329741296599fb25bc2a76474e64bdfeae4423ae83b312fb8",
                "sha256:fd09c310c54c6861e1488fcd30ceffa5dcd6c2dfe9f8409f47a8266fdc698547"
            ],
            "version": "==3.11.1"
        },
        "python-dotenv": {
            "hashes": [
                "sha256:0c8d1b80d1a1e91717ea7d526178e3882732420b03f08afea0406db6402e220e",
                "sha256:587825ed60b1711daea4832cf37524dfd404325b7db5e25ebe88c495c9f807a0"
            ],
            "index": "pypi",
            "version": "==0.15.0"
        },
        "pytimeparse": {
            "hashes": [
                "sha256:04b7be6cc8bd9f5647a6325444926c3ac34ee6bc7e69da4367ba282f076036bd",
                "sha256:e86136477be924d7e670646a98561957e8ca7308d44841e21f5ddea757556a0a"
            ],
            "index": "pypi",
            "version": "==1.1.8"
        },
        "pytz": {
            "hashes": [
                "sha256:3e6b7dd2d1e0a59084bcee14a17af60c5c562cdc16d828e8eba2e683d3a7e268",
                "sha256:5c55e189b682d420be27c6995ba6edce0c0a77dd67bfbe2ae6607134d5851ffd"
            ],
            "version": "==2020.4"
        },
        "six": {
            "hashes": [
                "sha256:30639c035cdb23534cd4aa2dd52c3bf48f06e5f4a941509c8bafd8ce11080259",
                "sha256:8b74bedcbbbaca38ff6d7491d76f2b06b3592611af620f8426e82dddb04a5ced"
            ],
            "markers": "python_version >= '2.7' and python_version not in '3.0, 3.1, 3.2, 3.3'",
            "version": "==1.15.0"
        },
        "tzlocal": {
            "hashes": [
                "sha256:643c97c5294aedc737780a49d9df30889321cbe1204eac2c2ec6134035a92e44",
                "sha256:e2cb6c6b5b604af38597403e9852872d7f534962ae2954c7f35efcb1ccacf4a4"
            ],
            "version": "==2.1"
        }
    },
    "develop": {
        "astroid": {
            "hashes": [
                "sha256:2f4078c2a41bf377eea06d71c9d2ba4eb8f6b1af2135bec27bbbb7d8f12bb703",
                "sha256:bc58d83eb610252fd8de6363e39d4f1d0619c894b0ed24603b881c02e64c7386"
            ],
            "markers": "python_version >= '3.5'",
            "version": "==2.4.2"
        },
        "autopep8": {
            "hashes": [
                "sha256:d21d3901cb0da6ebd1e83fc9b0dfbde8b46afc2ede4fe32fbda0c7c6118ca094"
            ],
            "index": "pypi",
            "version": "==1.5.4"
        },
        "isort": {
            "hashes": [
                "sha256:dcab1d98b469a12a1a624ead220584391648790275560e1a43e54c5dceae65e7",
                "sha256:dcaeec1b5f0eca77faea2a35ab790b4f3680ff75590bfcb7145986905aab2f58"
            ],
            "markers": "python_version >= '3.6' and python_version < '4.0'",
            "version": "==5.6.4"
        },
        "lazy-object-proxy": {
            "hashes": [
                "sha256:0c4b206227a8097f05c4dbdd323c50edf81f15db3b8dc064d08c62d37e1a504d",
                "sha256:194d092e6f246b906e8f70884e620e459fc54db3259e60cf69a4d66c3fda3449",
                "sha256:1be7e4c9f96948003609aa6c974ae59830a6baecc5376c25c92d7d697e684c08",
                "sha256:4677f594e474c91da97f489fea5b7daa17b5517190899cf213697e48d3902f5a",
                "sha256:48dab84ebd4831077b150572aec802f303117c8cc5c871e182447281ebf3ac50",
                "sha256:5541cada25cd173702dbd99f8e22434105456314462326f06dba3e180f203dfd",
                "sha256:59f79fef100b09564bc2df42ea2d8d21a64fdcda64979c0fa3db7bdaabaf6239",
                "sha256:8d859b89baf8ef7f8bc6b00aa20316483d67f0b1cbf422f5b4dc56701c8f2ffb",
                "sha256:9254f4358b9b541e3441b007a0ea0764b9d056afdeafc1a5569eee1cc6c1b9ea",
                "sha256:9651375199045a358eb6741df3e02a651e0330be090b3bc79f6d0de31a80ec3e",
                "sha256:97bb5884f6f1cdce0099f86b907aa41c970c3c672ac8b9c8352789e103cf3156",
                "sha256:9b15f3f4c0f35727d3a0fba4b770b3c4ebbb1fa907dbcc046a1d2799f3edd142",
                "sha256:a2238e9d1bb71a56cd710611a1614d1194dc10a175c1e08d75e1a7bcc250d442",
                "sha256:a6ae12d08c0bf9909ce12385803a543bfe99b95fe01e752536a60af2b7797c62",
                "sha256:ca0a928a3ddbc5725be2dd1cf895ec0a254798915fb3a36af0964a0a4149e3db",
                "sha256:cb2c7c57005a6804ab66f106ceb8482da55f5314b7fcb06551db1edae4ad1531",
                "sha256:d74bb8693bf9cf75ac3b47a54d716bbb1a92648d5f781fc799347cfc95952383",
                "sha256:d945239a5639b3ff35b70a88c5f2f491913eb94871780ebfabb2568bd58afc5a",
                "sha256:eba7011090323c1dadf18b3b689845fd96a61ba0a1dfbd7f24b921398affc357",
                "sha256:efa1909120ce98bbb3777e8b6f92237f5d5c8ea6758efea36a473e1d38f7d3e4",
                "sha256:f3900e8a5de27447acbf900b4750b0ddfd7ec1ea7fbaf11dfa911141bc522af0"
            ],
            "markers": "python_version >= '2.7' and python_version not in '3.0, 3.1, 3.2, 3.3'",
            "version": "==1.4.3"
        },
        "mccabe": {
            "hashes": [
                "sha256:ab8a6258860da4b6677da4bd2fe5dc2c659cff31b3ee4f7f5d64e79735b80d42",
                "sha256:dd8d182285a0fe56bace7f45b5e7d1a6ebcbf524e8f3bd87eb0f125271b8831f"
            ],
            "version": "==0.6.1"
        },
        "pycodestyle": {
            "hashes": [
                "sha256:2295e7b2f6b5bd100585ebcb1f616591b652db8a741695b3d8f5d28bdc934367",
                "sha256:c58a7d2815e0e8d7972bf1803331fb0152f867bd89adf8a01dfd55085434192e"
            ],
            "markers": "python_version >= '2.7' and python_version not in '3.0, 3.1, 3.2, 3.3'",
            "version": "==2.6.0"
        },
        "pylint": {
            "hashes": [
                "sha256:bb4a908c9dadbc3aac18860550e870f58e1a02c9f2c204fdf5693d73be061210",
                "sha256:bfe68f020f8a0fece830a22dd4d5dddb4ecc6137db04face4c3420a46a52239f"
            ],
            "index": "pypi",
            "version": "==2.6.0"
        },
        "six": {
            "hashes": [
                "sha256:30639c035cdb23534cd4aa2dd52c3bf48f06e5f4a941509c8bafd8ce11080259",
                "sha256:8b74bedcbbbaca38ff6d7491d76f2b06b3592611af620f8426e82dddb04a5ced"
            ],
            "markers": "python_version >= '2.7' and python_version not in '3.0, 3.1, 3.2, 3.3'",
            "version": "==1.15.0"
        },
        "toml": {
            "hashes": [
                "sha256:806143ae5bfb6a3c6e736a764057db0e6a0e05e338b5630894a5f779cabb4f9b",
                "sha256:b3bda1d108d5dd99f4a20d24d9c348e91c4db7ab1b749200bded2f839ccbe68f"
            ],
            "markers": "python_version >= '2.6' and python_version not in '3.0, 3.1, 3.2, 3.3'",
            "version": "==0.10.2"
        },
        "wrapt": {
            "hashes": [
                "sha256:b62ffa81fb85f4332a4f609cab4ac40709470da05643a082ec1eb88e6d9b97d7"
            ],
            "version": "==1.12.1"
        }
    }
}
