{
    "_meta": {
        "hash": {
            "sha256": "fe28229b01d8b47484331ea954a2bb85d10b0e7462e54d5c2d3c81f7cfc51478"
        },
        "pipfile-spec": 6,
        "requires": {
            "python_version": "3.8"
        },
        "sources": [
            {
                "name": "pypi",
                "url": "https://pypi.org/simple",
                "verify_ssl": true
            }
        ]
    },
    "default": {
        "apscheduler": {
            "hashes": [
                "sha256:3bb5229eed6fbbdafc13ce962712ae66e175aa214c69bed35a06bffcf0c5e244",
                "sha256:e8b1ecdb4c7cb2818913f766d5898183c7cb8936680710a4d3a966e02262e526"
            ],
            "index": "pypi",
            "version": "==3.6.3"
        },
        "asyncpg": {
            "hashes": [
                "sha256:09badce47a4645cfe523cc8a182bd047d5d62af0caaea77935e6a3c9e77dc364",
                "sha256:22d161618b59e4b56fb2a5cc956aa9eeb336d07cae924a5b90c9aa1c2d137f15",
                "sha256:28584783dd0d21b2a0db3bfe54fb12f21425a4cc015e4419083ea99e6de0de9b",
                "sha256:308b8ba32c42ea1ed84c034320678ec307296bb4faf3fbbeb9f9e20b46db99a5",
                "sha256:3ade59cef35bffae6dbc6f5f3ef56e1d53c67f0a7adc3cc4c714f07568d2d717",
                "sha256:4421407b07b4e22291a226d9de0bf6f3ea8158aa1c12d83bfedbf5c22e13cd55",
                "sha256:53cb2a0eb326f61e34ef4da2db01d87ce9c0ebe396f65a295829df334e31863f",
                "sha256:615c7e3adb46e1f2e3aff45e4ee9401b4f24f9f7153e5530a0753369be72a5c6",
                "sha256:68f7981f65317a5d5f497ec76919b488dbe0e838f8b924e7517a680bdca0f308",
                "sha256:6b7807bfedd24dd15cfb2c17c60977ce01410615ecc285268b5144a944ec97ff",
                "sha256:7e51d1a012b779e0ebf0195f80d004f65d3c60cc06f0fa1cef9d3e536262abbd",
                "sha256:7ee29c4707eb8fb3d3a0348ac4495e06f4afaca3ee38c3bebedc9c8b239125ff",
                "sha256:823eca36108bd64a8600efe7bbf1230aa00f2defa3be42852f3b61ab40cf1226",
                "sha256:8587e206d78e739ca83a40c9982e03b28f8904c95a54dc782da99e86cf768f73",
                "sha256:888593b6688faa7ec1c97ff7f2ca3b5a5b8abb15478fe2a13c5012b607a28737",
                "sha256:915cebc8a7693c8a5e89804fa106678dbedcc50d0270ebab0b75f16e668bd59b",
                "sha256:a4c1feb285ec3807ecd5b54ab718a3d065bb55c93ebaf800670eadde31484be8",
                "sha256:aa2e0cb14c01a2f58caeeca7196681b30aa22dd22c82845560b401df5e98e171",
                "sha256:b1b10916c006e5c2c0dcd5dadeb38cbf61ecd20d66c50164e82f31c22c7e329d",
                "sha256:dddf4d4c5e781310a36529c3c87c1746837c2d2c7ec0f2ec4e4f06450d83c50a",
                "sha256:dfd491e9865e64a3e91f1587b1d88d71dde1cfb850429253a73d4d44b98c3a0f",
                "sha256:e7bfb9269aeb11d78d50accf1be46823683ced99209b7199e307cdf7da849522",
                "sha256:ea26604932719b3612541e606508d9d604211f56a65806ccf8c92c64104f4f8a",
                "sha256:ecd5232cf64f58caac3b85103f1223fdf20e9eb43bfa053c56ef9e5dd76ab099",
                "sha256:f2d1aa890ffd1ad062a38b7ff7488764b3da4b0a24e0c83d7bbb1d1a6609df15"
            ],
            "index": "pypi",
            "version": "==0.21.0"
        },
        "discord-ext-menus": {
            "git": "https://github.com/Rapptz/discord-ext-menus",
            "ref": "6f2b873bf0d28903eb752aa1166b3aac26dc9007"
        },
        "discord-py": {
            "git": "https://github.com/Rapptz/discord.py",
            "ref": "0995d077271ed97129c9d06833f710d2c2744dae"
        },
        "discord.py": {
            "git": "https://github.com/Rapptz/discord.py"
        },
        "humanize": {
            "hashes": [
                "sha256:6790d9ba139ce09761ae901be9b22bd32a131fa65ecc82cdfc4d86f377f7395d",
                "sha256:fd3eb915310335c63a54d4507289ecc7b3a7454cd2c22ac5086d061a3cbfd592"
            ],
            "index": "pypi",
            "version": "==3.1.0"
        },
        "mongoengine": {
            "hashes": [
                "sha256:2680426385a03190e0494712081363fcc0c59bf9022a4f6033bcbb76a6f3e488",
                "sha256:2ec7e4a8cedfffe9e1690ca920bfcb9778146945ab1ba62840a210c43ab7eff7"
            ],
            "index": "pypi",
            "version": "==0.21.0"
        },
        "psutil": {
            "hashes": [
                "sha256:01bc82813fbc3ea304914581954979e637bcc7084e59ac904d870d6eb8bb2bc7",
                "sha256:1cd6a0c9fb35ece2ccf2d1dd733c1e165b342604c67454fd56a4c12e0a106787",
                "sha256:2cb55ef9591b03ef0104bedf67cc4edb38a3edf015cf8cf24007b99cb8497542",
                "sha256:56c85120fa173a5d2ad1d15a0c6e0ae62b388bfb956bb036ac231fbdaf9e4c22",
                "sha256:5d9106ff5ec2712e2f659ebbd112967f44e7d33f40ba40530c485cc5904360b8",
                "sha256:6a3e1fd2800ca45083d976b5478a2402dd62afdfb719b30ca46cd28bb25a2eb4",
                "sha256:ade6af32eb80a536eff162d799e31b7ef92ddcda707c27bbd077238065018df4",
                "sha256:af73f7bcebdc538eda9cc81d19db1db7bf26f103f91081d780bbacfcb620dee2",
                "sha256:e02c31b2990dcd2431f4524b93491941df39f99619b0d312dfe1d4d530b08b4b",
                "sha256:fa38ac15dbf161ab1e941ff4ce39abd64b53fec5ddf60c23290daed2bc7d1157",
                "sha256:fbcac492cb082fa38d88587d75feb90785d05d7e12d4565cbf1ecc727aff71b7"
            ],
            "index": "pypi",
            "version": "==5.7.3"
        },
        "pymongo": {
            "hashes": [
                "sha256:019ddf7ced8e42cc6c8c608927c799be8097237596c94ffe551f6ef70e55237e",
                "sha256:047c325c4a96e7be7d11acf58639bcf71a81ca212d9c6590e3369bc28678647a",
                "sha256:047cc2007b280672ddfdf2e7b862aad8d898f481f65bbc9067bfa4e420a019a9",
                "sha256:061d59f525831c4051af0b6dbafa62b0b8b168d4ef5b6e3c46d0811b8499d100",
                "sha256:082832a59da18efab4d9148cca396451bac99da9757f31767f706e828b5b8500",
                "sha256:0a53a751d977ad02f1bd22ddb6288bb4816c4758f44a50225462aeeae9cbf6a0",
                "sha256:1222025db539641071a1b67f6950f65a6342a39db5b454bf306abd6954f1ad8a",
                "sha256:1580fad512c678b720784e5c9018621b1b3bd37fb5b1633e874738862d6435c7",
                "sha256:202ea1d4edc8a5439fc179802d807b49e7e563207fea5610779e56674ac770c6",
                "sha256:21d7b48567a1c80f9266e0ab61c1218a31279d911da345679188733e354f81cc",
                "sha256:264843ce2af0640994a4331148ef5312989bc004678c457460758766c9b4decc",
                "sha256:270a1f6a331eac3a393090af06df68297cb31a8b2df0bdcbd97dc613c5758e78",
                "sha256:29a6840c2ac778010547cad5870f3db2e080ad7fad01197b07fff993c08692c8",
                "sha256:3646c2286d889618d43e01d9810ac1fc17709d2b4dec61366df5edc8ba228b3e",
                "sha256:36b9b98a39565a8f33803c81569442b35e749a72fb1aa7d0bcdb1a33052f8bcc",
                "sha256:3ec8f8e106a1476659d8c020228b45614daabdbdb6c6454a843a1d4f77d13339",
                "sha256:422069f2cebf58c9dd9e8040b4768f7be4f228c95bc4505e8fa8e7b4f7191ad8",
                "sha256:44376a657717de8847d5d71a9305f3595c7e78c91ac77edbb87058d12ede87a6",
                "sha256:45728e6aae3023afb5b2829586d1d2bfd9f0d71cfd7d3c924b71a5e9aef617a8",
                "sha256:46792b71ab802d9caf1fc9d52e83399ef8e1a36e91eef4d827c06e36b8df2230",
                "sha256:4942a5659ae927bb764a123a6409870ca5dd572d83b3bfb71412c9a191bbf792",
                "sha256:4be4fe9d18523da98deeb0b554ac76e1dc1562ee879d62572b34dda8593efcc1",
                "sha256:523804bd8fcb5255508052b50073a27c701b90a73ea46e29be46dad5fe01bde6",
                "sha256:540dafd6f4a0590fc966465c726b80fa7c0804490c39786ef29236fe68c94401",
                "sha256:5980509801cbd2942df31714d055d89863684b4de26829c349362e610a48694e",
                "sha256:5ad7b96c27acd7e256b33f47cf3d23bd7dd902f9c033ae43f32ffcbc37bebafd",
                "sha256:6122470dfa61d4909b75c98012c1577404ba4ab860d0095e0c6980560cb3711f",
                "sha256:6175fd105da74a09adb38f93be96e1f64873294c906e5e722cbbc5bd10c44e3b",
                "sha256:646d4d30c5aa7c0ddbfe9b990f0f77a88621024a21ad0b792bd9d58caa9611f0",
                "sha256:6700e251c6396cc05d7460dc05ef8e19e60a7b53b62c007725b48e123aaa2b1c",
                "sha256:6aac7e0e8de92f11a410eb68c24a2decbac6f094e82fd95d22546d0168e7a18b",
                "sha256:6e7a6057481a644970e43475292e1c0af095ca39a20fe83781196bd6e6690a38",
                "sha256:76579fcf77052b39796fe4a11818d1289dd48cffe15951b3403288fa163c29f6",
                "sha256:7e69fa025a1db189443428f345fea5555d16413df6addc056e17bb8c9794b006",
                "sha256:7f0c507e1f108790840d6c4b594019ebf595025c324c9f7e9c9b2b15b41f884e",
                "sha256:813db97e9955b6b1b50b5cebd18cb148580603bb9b067ea4c5cc656b333bc906",
                "sha256:82d5ded5834b6c92380847860eb28dcaf20b847a27cee5811c4aaceef87fd280",
                "sha256:82f6e42ba40440a7e0a20bfe12465a3b62d65966a4c7ad1a21b36ffff88de6fe",
                "sha256:8d669c720891781e7c82d412cad39f9730ef277e3957b48a3344dae47d3caa03",
                "sha256:944ed467feb949e103555863fa934fb84216a096b0004ca364d3ddf9d18e2b9e",
                "sha256:96c6aef7ffb0d37206c0342abb82d874fa8cdc344267277ec63f562b94335c22",
                "sha256:9be785bd4e1ba0148fb00ca84e4dbfbd1c74df3af3a648559adc60b0782f34de",
                "sha256:9d19843568df9d263dc92ae4cc2279879add8a26996473f9155590cac635b321",
                "sha256:a118a1df7280ffab7fe0f3eab325868339ff1c4d5b8e0750db0f0a796da8f849",
                "sha256:b4294ddf76452459433ecfa6a93258608b5e462c76ef15e4695ed5e2762f009f",
                "sha256:b50af6701b4a5288b77fb4db44a363aa9485caf2c3e7a40c0373fd45e34440af",
                "sha256:b875bb4b438931dce550e170bfb558597189b8d0160f4ac60f14a21955161699",
                "sha256:b95d2c2829b5956bf54d9a22ffec911dea75abf0f0f7e0a8a57423434bfbde91",
                "sha256:c046e09e886f4539f8626afba17fa8f2e6552731f9384e2827154e3e3b7fda4e",
                "sha256:c1d1992bbdf363b22b5a9543ab7d7c6f27a1498826d50d91319b803ddcf1142e",
                "sha256:c2b67881392a9e85aa108e75f62cdbe372d5a3f17ea5f8d3436dcf4662052f14",
                "sha256:c6cf288c9e03195d8e12b72a6388b32f18a5e9c2545622417a963e428e1fe496",
                "sha256:c812b6e53344e92f10f12235219fb769c491a4a87a02c9c3f93fe632e493bda8",
                "sha256:cc421babc687dc52ce0fc19787b2404518ca749d9db59576100946ff886f38ed",
                "sha256:ce53c00be204ec4428d3c1f3c478ae89d388efec575544c27f57b61e9fa4a7f2",
                "sha256:ce9964c117cbe5cf6269f30a2b334d28675956e988b7dbd0b4f7370924afda2e",
                "sha256:d6f82e86896a8db70e8ae8fa4b7556a0f188f1d8a6c53b2ba229889d55a59308",
                "sha256:d9d3ae537f61011191b2fd6f8527b9f9f8a848b37d4c85a0f7bb28004c42b546",
                "sha256:e565d1e4388765c135052717f15f9e0314f9d172062444c6b3fc0002e93ed04b",
                "sha256:ed98683d8f01f1c46ef2d02469e04e9a8fe9a73a9741a4e6e66677a73b59bec8",
                "sha256:ef18aa15b1aa18c42933deed5233b3284186e9ed85c25d2704ceff5099a3964c",
                "sha256:fa741e9c805567239f845c7e9a016aff797f9bb02ff9bc8ccd2fbd9eafefedd4",
                "sha256:fc4946acb6cdada08f60aca103b61334995523da65be5fe816ea8571c9967d46",
                "sha256:fcc66d17a3363b7bd6d2655de8706e25a3cd1be2bd1b8e8d8a5c504a6ef893ae"
            ],
            "version": "==3.11.2"
        },
        "python-dotenv": {
            "hashes": [
                "sha256:0c8d1b80d1a1e91717ea7d526178e3882732420b03f08afea0406db6402e220e",
                "sha256:587825ed60b1711daea4832cf37524dfd404325b7db5e25ebe88c495c9f807a0"
            ],
            "index": "pypi",
            "version": "==0.15.0"
        },
        "pytimeparse": {
            "hashes": [
                "sha256:04b7be6cc8bd9f5647a6325444926c3ac34ee6bc7e69da4367ba282f076036bd",
                "sha256:e86136477be924d7e670646a98561957e8ca7308d44841e21f5ddea757556a0a"
            ],
            "index": "pypi",
            "version": "==1.1.8"
        },
        "pytz": {
            "hashes": [
                "sha256:3e6b7dd2d1e0a59084bcee14a17af60c5c562cdc16d828e8eba2e683d3a7e268",
                "sha256:5c55e189b682d420be27c6995ba6edce0c0a77dd67bfbe2ae6607134d5851ffd"
            ],
            "version": "==2020.4"
        },
        "six": {
            "hashes": [
                "sha256:30639c035cdb23534cd4aa2dd52c3bf48f06e5f4a941509c8bafd8ce11080259",
                "sha256:8b74bedcbbbaca38ff6d7491d76f2b06b3592611af620f8426e82dddb04a5ced"
            ],
            "markers": "python_version >= '2.7' and python_version not in '3.0, 3.1, 3.2, 3.3'",
            "version": "==1.15.0"
        },
        "tzlocal": {
            "hashes": [
                "sha256:643c97c5294aedc737780a49d9df30889321cbe1204eac2c2ec6134035a92e44",
                "sha256:e2cb6c6b5b604af38597403e9852872d7f534962ae2954c7f35efcb1ccacf4a4"
            ],
            "version": "==2.1"
        }
    },
    "develop": {
        "astroid": {
            "hashes": [
                "sha256:2f4078c2a41bf377eea06d71c9d2ba4eb8f6b1af2135bec27bbbb7d8f12bb703",
                "sha256:bc58d83eb610252fd8de6363e39d4f1d0619c894b0ed24603b881c02e64c7386"
            ],
            "markers": "python_version >= '3.5'",
            "version": "==2.4.2"
        },
        "autopep8": {
            "hashes": [
                "sha256:d21d3901cb0da6ebd1e83fc9b0dfbde8b46afc2ede4fe32fbda0c7c6118ca094"
            ],
            "index": "pypi",
            "version": "==1.5.4"
        },
        "isort": {
            "hashes": [
                "sha256:dcab1d98b469a12a1a624ead220584391648790275560e1a43e54c5dceae65e7",
                "sha256:dcaeec1b5f0eca77faea2a35ab790b4f3680ff75590bfcb7145986905aab2f58"
            ],
            "markers": "python_version >= '3.6' and python_version < '4.0'",
            "version": "==5.6.4"
        },
        "lazy-object-proxy": {
            "hashes": [
                "sha256:0c4b206227a8097f05c4dbdd323c50edf81f15db3b8dc064d08c62d37e1a504d",
                "sha256:194d092e6f246b906e8f70884e620e459fc54db3259e60cf69a4d66c3fda3449",
                "sha256:1be7e4c9f96948003609aa6c974ae59830a6baecc5376c25c92d7d697e684c08",
                "sha256:4677f594e474c91da97f489fea5b7daa17b5517190899cf213697e48d3902f5a",
                "sha256:48dab84ebd4831077b150572aec802f303117c8cc5c871e182447281ebf3ac50",
                "sha256:5541cada25cd173702dbd99f8e22434105456314462326f06dba3e180f203dfd",
                "sha256:59f79fef100b09564bc2df42ea2d8d21a64fdcda64979c0fa3db7bdaabaf6239",
                "sha256:8d859b89baf8ef7f8bc6b00aa20316483d67f0b1cbf422f5b4dc56701c8f2ffb",
                "sha256:9254f4358b9b541e3441b007a0ea0764b9d056afdeafc1a5569eee1cc6c1b9ea",
                "sha256:9651375199045a358eb6741df3e02a651e0330be090b3bc79f6d0de31a80ec3e",
                "sha256:97bb5884f6f1cdce0099f86b907aa41c970c3c672ac8b9c8352789e103cf3156",
                "sha256:9b15f3f4c0f35727d3a0fba4b770b3c4ebbb1fa907dbcc046a1d2799f3edd142",
                "sha256:a2238e9d1bb71a56cd710611a1614d1194dc10a175c1e08d75e1a7bcc250d442",
                "sha256:a6ae12d08c0bf9909ce12385803a543bfe99b95fe01e752536a60af2b7797c62",
                "sha256:ca0a928a3ddbc5725be2dd1cf895ec0a254798915fb3a36af0964a0a4149e3db",
                "sha256:cb2c7c57005a6804ab66f106ceb8482da55f5314b7fcb06551db1edae4ad1531",
                "sha256:d74bb8693bf9cf75ac3b47a54d716bbb1a92648d5f781fc799347cfc95952383",
                "sha256:d945239a5639b3ff35b70a88c5f2f491913eb94871780ebfabb2568bd58afc5a",
                "sha256:eba7011090323c1dadf18b3b689845fd96a61ba0a1dfbd7f24b921398affc357",
                "sha256:efa1909120ce98bbb3777e8b6f92237f5d5c8ea6758efea36a473e1d38f7d3e4",
                "sha256:f3900e8a5de27447acbf900b4750b0ddfd7ec1ea7fbaf11dfa911141bc522af0"
            ],
            "markers": "python_version >= '2.7' and python_version not in '3.0, 3.1, 3.2, 3.3'",
            "version": "==1.4.3"
        },
        "mccabe": {
            "hashes": [
                "sha256:ab8a6258860da4b6677da4bd2fe5dc2c659cff31b3ee4f7f5d64e79735b80d42",
                "sha256:dd8d182285a0fe56bace7f45b5e7d1a6ebcbf524e8f3bd87eb0f125271b8831f"
            ],
            "version": "==0.6.1"
        },
        "pycodestyle": {
            "hashes": [
                "sha256:2295e7b2f6b5bd100585ebcb1f616591b652db8a741695b3d8f5d28bdc934367",
                "sha256:c58a7d2815e0e8d7972bf1803331fb0152f867bd89adf8a01dfd55085434192e"
            ],
            "markers": "python_version >= '2.7' and python_version not in '3.0, 3.1, 3.2, 3.3'",
            "version": "==2.6.0"
        },
        "pydocstyle": {
            "hashes": [
                "sha256:19b86fa8617ed916776a11cd8bc0197e5b9856d5433b777f51a3defe13075325",
                "sha256:aca749e190a01726a4fb472dd4ef23b5c9da7b9205c0a7857c06533de13fd678"
            ],
            "markers": "python_version >= '3.5'",
            "version": "==5.1.1"
        },
        "pyflakes": {
            "hashes": [
                "sha256:0d94e0e05a19e57a99444b6ddcf9a6eb2e5c68d3ca1e98e90707af8152c90a92",
                "sha256:35b2d75ee967ea93b55750aa9edbbf72813e06a66ba54438df2cfac9e3c27fc8"
            ],
            "markers": "python_version >= '2.7' and python_version not in '3.0, 3.1, 3.2, 3.3'",
            "version": "==2.2.0"
        },
        "pylama": {
            "hashes": [
                "sha256:9bae53ef9c1a431371d6a8dca406816a60d547147b60a4934721898f553b7d8f",
                "sha256:fd61c11872d6256b019ef1235be37b77c922ef37ac9797df6bd489996dddeb15"
            ],
            "index": "pypi",
            "version": "==7.7.1"
        },
        "pylint": {
            "hashes": [
                "sha256:bb4a908c9dadbc3aac18860550e870f58e1a02c9f2c204fdf5693d73be061210",
                "sha256:bfe68f020f8a0fece830a22dd4d5dddb4ecc6137db04face4c3420a46a52239f"
            ],
            "index": "pypi",
            "version": "==2.6.0"
        },
        "six": {
            "hashes": [
                "sha256:30639c035cdb23534cd4aa2dd52c3bf48f06e5f4a941509c8bafd8ce11080259",
                "sha256:8b74bedcbbbaca38ff6d7491d76f2b06b3592611af620f8426e82dddb04a5ced"
            ],
            "markers": "python_version >= '2.7' and python_version not in '3.0, 3.1, 3.2, 3.3'",
            "version": "==1.15.0"
        },
        "snowballstemmer": {
            "hashes": [
                "sha256:209f257d7533fdb3cb73bdbd24f436239ca3b2fa67d56f6ff88e86be08cc5ef0",
                "sha256:df3bac3df4c2c01363f3dd2cfa78cce2840a79b9f1c2d2de9ce8d31683992f52"
            ],
            "version": "==2.0.0"
        },
        "toml": {
            "hashes": [
                "sha256:806143ae5bfb6a3c6e736a764057db0e6a0e05e338b5630894a5f779cabb4f9b",
                "sha256:b3bda1d108d5dd99f4a20d24d9c348e91c4db7ab1b749200bded2f839ccbe68f"
            ],
            "markers": "python_version >= '2.6' and python_version not in '3.0, 3.1, 3.2, 3.3'",
            "version": "==0.10.2"
        },
        "wrapt": {
            "hashes": [
                "sha256:b62ffa81fb85f4332a4f609cab4ac40709470da05643a082ec1eb88e6d9b97d7"
            ],
            "version": "==1.12.1"
        }
    }
}
